<?xml version="1.0" encoding="utf-8"?>
<Project ToolsVersion="4.0" xmlns="http://schemas.microsoft.com/developer/msbuild/2003">
  <ItemGroup>
    <ClCompile Include="LCHDummyClient.cpp" />
    <ClCompile Include="..\protobuf-3.18.x\bin\protocol.pb.cc">
      <Filter>Protobuf</Filter>
    </ClCompile>
    <ClCompile Include="ServerPacketHandler.cpp">
      <Filter>Network</Filter>
    </ClCompile>
    <ClCompile Include="ServerSession.cpp">
      <Filter>Network</Filter>
    </ClCompile>
    <ClCompile Include="pch.cpp">
      <Filter>PCH</Filter>
    </ClCompile>
  </ItemGroup>
  <ItemGroup>
    <ClInclude Include="..\protobuf-3.18.x\bin\protocol.pb.h">
      <Filter>Protobuf</Filter>
    </ClInclude>
    <ClInclude Include="ServerSession.h">
      <Filter>Network</Filter>
    </ClInclude>
    <ClInclude Include="ServerPacketHandler.h">
      <Filter>Network</Filter>
    </ClInclude>
    <ClInclude Include="pch.h">
      <Filter>PCH</Filter>
    </ClInclude>
  </ItemGroup>
  <ItemGroup>
    <Filter Include="Protobuf">
      <UniqueIdentifier>{a9c3a2f4-7c68-4cd8-8577-8e05d6b470db}</UniqueIdentifier>
    </Filter>
    <Filter Include="Network">
      <UniqueIdentifier>{bed70a49-ca75-43f5-a30e-09f2f267d79f}</UniqueIdentifier>
    </Filter>
    <Filter Include="PCH">
      <UniqueIdentifier>{2d180bf6-721b-41de-94d4-3e3fb6ff0ba7}</UniqueIdentifier>
    </Filter>
  </ItemGroup>
  <ItemGroup>
    <None Include="..\protobuf-3.18.x\bin\protocol.proto">
      <Filter>Protobuf</Filter>
    </None>
  </ItemGroup>
</Project>