<?xml version="1.0" encoding="utf-8"?>
<Project ToolsVersion="4.0" xmlns="http://schemas.microsoft.com/developer/msbuild/2003">
  <ItemGroup>
    <ClInclude Include="SocketUtil.h">
      <Filter>Utils</Filter>
    </ClInclude>
    <ClInclude Include="Types.h">
      <Filter>Primitive</Filter>
    </ClInclude>
    <ClInclude Include="Includes.h">
      <Filter>Primitive</Filter>
    </ClInclude>
    <ClInclude Include="pch.h">
      <Filter>Primitive</Filter>
    </ClInclude>
    <ClInclude Include="Macro.h">
      <Filter>Primitive</Filter>
    </ClInclude>
    <ClInclude Include="Session.h">
      <Filter>Network\Session</Filter>
    </ClInclude>
    <ClInclude Include="IocpEvent.h">
      <Filter>Network\IOCP</Filter>
    </ClInclude>
    <ClInclude Include="CircularBuffer.h" />
    <ClInclude Include="SessionManager.h">
      <Filter>Network\Session</Filter>
    </ClInclude>
    <ClInclude Include="IocpManager.h">
      <Filter>Network\IOCP</Filter>
    </ClInclude>
    <ClInclude Include="DumpUtil.h">
      <Filter>Utils</Filter>
    </ClInclude>
    <ClInclude Include="Global.h">
      <Filter>Primitive</Filter>
    </ClInclude>
    <ClInclude Include="RandomUtil.h">
      <Filter>Utils</Filter>
    </ClInclude>
    <ClInclude Include="TimeUtil.h">
      <Filter>Utils</Filter>
    </ClInclude>
    <ClInclude Include="Ticker.h" />
    <ClInclude Include="DBManager.h">
      <Filter>Database</Filter>
    </ClInclude>
    <ClInclude Include="DBMessage.h">
      <Filter>Database</Filter>
    </ClInclude>
    <ClInclude Include="DBHelper.h">
      <Filter>Database</Filter>
    </ClInclude>
  </ItemGroup>
  <ItemGroup>
    <ClCompile Include="SocketUtil.cpp">
      <Filter>Utils</Filter>
    </ClCompile>
    <ClCompile Include="pch.cpp">
      <Filter>Primitive</Filter>
    </ClCompile>
    <ClCompile Include="Macro.cpp">
      <Filter>Primitive</Filter>
    </ClCompile>
    <ClCompile Include="Session.cpp">
      <Filter>Network\Session</Filter>
    </ClCompile>
    <ClCompile Include="IocpEvent.cpp">
      <Filter>Network\IOCP</Filter>
    </ClCompile>
    <ClCompile Include="Types.cpp">
      <Filter>Primitive</Filter>
    </ClCompile>
    <ClCompile Include="CircularBuffer.cpp" />
    <ClCompile Include="SessionManager.cpp">
      <Filter>Network\Session</Filter>
    </ClCompile>
    <ClCompile Include="IocpManager.cpp">
      <Filter>Network\IOCP</Filter>
    </ClCompile>
    <ClCompile Include="DumpUtil.cpp">
      <Filter>Utils</Filter>
    </ClCompile>
    <ClCompile Include="Global.cpp">
      <Filter>Primitive</Filter>
    </ClCompile>
    <ClCompile Include="RandomUtil.cpp">
      <Filter>Utils</Filter>
    </ClCompile>
    <ClCompile Include="TimeUtil.cpp">
      <Filter>Utils</Filter>
    </ClCompile>
    <ClCompile Include="Ticker.cpp" />
    <ClCompile Include="DBManager.cpp">
      <Filter>Database</Filter>
    </ClCompile>
    <ClCompile Include="DBMessage.cpp">
      <Filter>Database</Filter>
    </ClCompile>
    <ClCompile Include="DBHelper.cpp">
      <Filter>Database</Filter>
    </ClCompile>
  </ItemGroup>
  <ItemGroup>
    <Filter Include="Network">
      <UniqueIdentifier>{c1afb029-03ac-459b-ad71-f2cd1364ecd3}</UniqueIdentifier>
    </Filter>
    <Filter Include="Utils">
      <UniqueIdentifier>{fac8c10b-b36f-4a18-b5f5-ca792c6d0a70}</UniqueIdentifier>
    </Filter>
    <Filter Include="Primitive">
      <UniqueIdentifier>{8a8b5a98-03af-4334-a598-39ed201dee23}</UniqueIdentifier>
    </Filter>
    <Filter Include="Network\Session">
      <UniqueIdentifier>{2c91a1aa-be47-4d20-94d2-b3fdde751efe}</UniqueIdentifier>
    </Filter>
    <Filter Include="Network\IOCP">
      <UniqueIdentifier>{1c8decd0-50ff-4759-988a-965c94740c35}</UniqueIdentifier>
    </Filter>
    <Filter Include="Database">
      <UniqueIdentifier>{8a6e4855-4a58-420e-b8eb-ba687e553474}</UniqueIdentifier>
    </Filter>
  </ItemGroup>
</Project>