
Microsoft Visual Studio Solution File, Format Version 12.00
# Visual Studio Version 17
VisualStudioVersion = 17.9.34728.123
MinimumVisualStudioVersion = 10.0.40219.1
Project("{8BC9CEB8-8B4A-11D0-8D11-00A0C91BC942}") = "LCHNetLib", "..\..\LCHMMO-Server\LCHNetLib\LCHNetLib.vcxproj", "{599F8C12-36EB-4984-9F56-8C389685478A}"
EndProject
Project("{8BC9CEB8-8B4A-11D0-8D11-00A0C91BC942}") = "LCHNpcServer", "LCHNpcServer.vcxproj", "{286D9794-EE62-411D-A6DF-6C9CAD877DAF}"
EndProject
Global
	GlobalSection(SolutionConfigurationPlatforms) = preSolution
		Debug|x64 = Debug|x64
		Debug|x86 = Debug|x86
		Release|x64 = Release|x64
		Release|x86 = Release|x86
	EndGlobalSection
	GlobalSection(ProjectConfigurationPlatforms) = postSolution
		{599F8C12-36EB-4984-9F56-8C389685478A}.Debug|x64.ActiveCfg = Debug|x64
		{599F8C12-36EB-4984-9F56-8C389685478A}.Debug|x64.Build.0 = Debug|x64
		{599F8C12-36EB-4984-9F56-8C389685478A}.Debug|x86.ActiveCfg = Debug|Win32
		{599F8C12-36EB-4984-9F56-8C389685478A}.Debug|x86.Build.0 = Debug|Win32
		{599F8C12-36EB-4984-9F56-8C389685478A}.Release|x64.ActiveCfg = Release|x64
		{599F8C12-36EB-4984-9F56-8C389685478A}.Release|x64.Build.0 = Release|x64
		{599F8C12-36EB-4984-9F56-8C389685478A}.Release|x86.ActiveCfg = Release|Win32
		{599F8C12-36EB-4984-9F56-8C389685478A}.Release|x86.Build.0 = Release|Win32
		{286D9794-EE62-411D-A6DF-6C9CAD877DAF}.Debug|x64.ActiveCfg = Debug|x64
		{286D9794-EE62-411D-A6DF-6C9CAD877DAF}.Debug|x64.Build.0 = Debug|x64
		{286D9794-EE62-411D-A6DF-6C9CAD877DAF}.Debug|x86.ActiveCfg = Debug|Win32
		{286D9794-EE62-411D-A6DF-6C9CAD877DAF}.Debug|x86.Build.0 = Debug|Win32
		{286D9794-EE62-411D-A6DF-6C9CAD877DAF}.Release|x64.ActiveCfg = Release|x64
		{286D9794-EE62-411D-A6DF-6C9CAD877DAF}.Release|x64.Build.0 = Release|x64
		{286D9794-EE62-411D-A6DF-6C9CAD877DAF}.Release|x86.ActiveCfg = Release|Win32
		{286D9794-EE62-411D-A6DF-6C9CAD877DAF}.Release|x86.Build.0 = Release|Win32
	EndGlobalSection
	GlobalSection(SolutionProperties) = preSolution
		HideSolutionNode = FALSE
	EndGlobalSection
	GlobalSection(ExtensibilityGlobals) = postSolution
		SolutionGuid = {3463917F-AF7F-43E8-AEFB-8B3423BA4523}
	EndGlobalSection
EndGlobal
